
Microsoft Visual Studio Solution File, Format Version 12.00
# Visual Studio 2012
Project("{FAE04EC0-301F-11D3-BF4B-00C04F79EFBC}") = "PhanMemQuanLyNhaHang", "PhanMemQuanLyNhaHang\PhanMemQuanLyNhaHang.csproj", "{355A44C7-9A5A-4494-B467-0842982491DF}"
EndProject
Global
	GlobalSection(SolutionConfigurationPlatforms) = preSolution
		Debug|Any CPU = Debug|Any CPU
		Release|Any CPU = Release|Any CPU
	EndGlobalSection
	GlobalSection(ProjectConfigurationPlatforms) = postSolution
		{355A44C7-9A5A-4494-B467-0842982491DF}.Debug|Any CPU.ActiveCfg = Debug|Any CPU
		{355A44C7-9A5A-4494-B467-0842982491DF}.Debug|Any CPU.Build.0 = Debug|Any CPU
		{355A44C7-9A5A-4494-B467-0842982491DF}.Release|Any CPU.ActiveCfg = Release|Any CPU
		{355A44C7-9A5A-4494-B467-0842982491DF}.Release|Any CPU.Build.0 = Release|Any CPU
	EndGlobalSection
	GlobalSection(SolutionProperties) = preSolution
		HideSolutionNode = FALSE
	EndGlobalSection
EndGlobal
